{
  "version": 4,
  "terraform_version": "1.5.3",
  "serial": 19,
  "lineage": "3d1fced7-e16a-7021-e22f-eef87880b645",
  "outputs": {},
  "resources": [
    {
      "mode": "data",
      "type": "spotify_track",
      "name": "Sajani",
      "provider": "provider[\"registry.terraform.io/conradludgate/spotify\"]",
      "instances": [
        {
          "schema_version": 0,
          "attributes": {
            "album": "3I3kZyHUtEA9Y59rJkxtk6",
            "artists": [
              "3PpjqSKBer3obW6lDflOBx",
              "4YRxDV8wJFPHPTeXepOstw",
              "7vCsTTACb2iT4fvBMnwp5w"
            ],
            "id": "5zCnGtCl5Ac5zlFHXaZmhy",
            "name": "Sajni (From \"Laapataa Ladies\")",
            "spotify_id": null,
            "url": "https://open.spotify.com/track/5zCnGtCl5Ac5zlFHXaZmhy"
          },
          "sensitive_attributes": []
        }
      ]
    },
    {
      "mode": "data",
      "type": "spotify_track",
      "name": "Zapuk-zupuk",
      "provider": "provider[\"registry.terraform.io/conradludgate/spotify\"]",
      "instances": [
        {
          "schema_version": 0,
          "attributes": {
            "album": "78jp8POGkLvTgHyxBO4GM1",
            "artists": [
              "1S4dikNCh3n08Gh8C4OVDL",
              "23W0TAbtPat9wvlygHUG6r"
            ],
            "id": "0DhbvWPKGX5VZUsvoEiY9B",
            "name": "Zapuk Zupuk Vajtay G",
            "spotify_id": null,
            "url": "https://open.spotify.com/track/0DhbvWPKGX5VZUsvoEiY9B"
          },
          "sensitive_attributes": []
        }
      ]
    },
    {
      "mode": "managed",
      "type": "spotify_playlist",
      "name": "Terraform_playlist",
      "provider": "provider[\"registry.terraform.io/conradludgate/spotify\"]",
      "instances": [
        {
          "schema_version": 0,
          "attributes": {
            "description": "",
            "id": "19gPChIEMRQj8j0557hY8M",
            "name": "Terraform_playlist",
            "public": true,
            "snapshot_id": "AAAAAlqVmxfqM9mnv+NHb7ypYwwoAbW5",
            "tracks": [
              "0DhbvWPKGX5VZUsvoEiY9B",
              "5zCnGtCl5Ac5zlFHXaZmhy"
            ]
          },
          "sensitive_attributes": [],
          "private": "bnVsbA==",
          "dependencies": [
            "data.spotify_track.Sajani",
            "data.spotify_track.Zapuk-zupuk"
          ]
        }
      ]
    }
  ],
  "check_results": null
}
